
Microsoft Visual Studio Solution File, Format Version 12.00
# Visual Studio 15
VisualStudioVersion = 15.0.28307.779
MinimumVisualStudioVersion = 10.0.40219.1
Project("{8BC9CEB8-8B4A-11D0-8D11-00A0C91BC942}") = "operator", "operator.vcxproj", "{5A603C15-CC88-45C2-8CC3-63FA0BA5FE27}"
EndProject
Global
	GlobalSection(SolutionConfigurationPlatforms) = preSolution
		Debug|x64 = Debug|x64
		Debug|x86 = Debug|x86
		Release|x64 = Release|x64
		Release|x86 = Release|x86
	EndGlobalSection
	GlobalSection(ProjectConfigurationPlatforms) = postSolution
		{5A603C15-CC88-45C2-8CC3-63FA0BA5FE27}.Debug|x64.ActiveCfg = Debug|x64
		{5A603C15-CC88-45C2-8CC3-63FA0BA5FE27}.Debug|x64.Build.0 = Debug|x64
		{5A603C15-CC88-45C2-8CC3-63FA0BA5FE27}.Debug|x86.ActiveCfg = Debug|Win32
		{5A603C15-CC88-45C2-8CC3-63FA0BA5FE27}.Debug|x86.Build.0 = Debug|Win32
		{5A603C15-CC88-45C2-8CC3-63FA0BA5FE27}.Release|x64.ActiveCfg = Release|x64
		{5A603C15-CC88-45C2-8CC3-63FA0BA5FE27}.Release|x64.Build.0 = Release|x64
		{5A603C15-CC88-45C2-8CC3-63FA0BA5FE27}.Release|x86.ActiveCfg = Release|Win32
		{5A603C15-CC88-45C2-8CC3-63FA0BA5FE27}.Release|x86.Build.0 = Release|Win32
	EndGlobalSection
	GlobalSection(SolutionProperties) = preSolution
		HideSolutionNode = FALSE
	EndGlobalSection
	GlobalSection(ExtensibilityGlobals) = postSolution
		SolutionGuid = {CC90F69C-EDA0-4486-80B8-D57B954BA912}
	EndGlobalSection
EndGlobal
